// !$*UTF8*$!
{
	archiveVersion = 1;
	classes = {
	};
	objectVersion = 46;
	objects = {

/* Begin PBXBuildFile section */
		4E4F0D191D340646003817D0 /* MapVC.swift in Sources */ = {isa = PBXBuildFile; fileRef = 4E4F0D181D340646003817D0 /* MapVC.swift */; };
		4E4F0D1D1D3421AA003817D0 /* PhotoAlbumVC.swift in Sources */ = {isa = PBXBuildFile; fileRef = 4E4F0D1C1D3421AA003817D0 /* PhotoAlbumVC.swift */; };
		4EC1BEBF1C6FC9040040E3D3 /* AppDelegate.swift in Sources */ = {isa = PBXBuildFile; fileRef = 4EC1BEBE1C6FC9040040E3D3 /* AppDelegate.swift */; };
		4EC1BEC41C6FC9040040E3D3 /* Main.storyboard in Resources */ = {isa = PBXBuildFile; fileRef = 4EC1BEC21C6FC9040040E3D3 /* Main.storyboard */; };
		4EC1BEC61C6FC9040040E3D3 /* Assets.xcassets in Resources */ = {isa = PBXBuildFile; fileRef = 4EC1BEC51C6FC9040040E3D3 /* Assets.xcassets */; };
		4EC1BEC91C6FC9040040E3D3 /* LaunchScreen.storyboard in Resources */ = {isa = PBXBuildFile; fileRef = 4EC1BEC71C6FC9040040E3D3 /* LaunchScreen.storyboard */; };
		4EC1BED11C6FCD460040E3D3 /* TableViewController.swift in Sources */ = {isa = PBXBuildFile; fileRef = 4EC1BED01C6FCD460040E3D3 /* TableViewController.swift */; };
		4EC1BED31C6FD3560040E3D3 /* CoreLocation.framework in Frameworks */ = {isa = PBXBuildFile; fileRef = 4EC1BED21C6FD3560040E3D3 /* CoreLocation.framework */; };
/* End PBXBuildFile section */

/* Begin PBXFileReference section */
		4E4F0D181D340646003817D0 /* MapVC.swift */ = {isa = PBXFileReference; fileEncoding = 4; lastKnownFileType = sourcecode.swift; path = MapVC.swift; sourceTree = "<group>"; };
		4E4F0D1C1D3421AA003817D0 /* PhotoAlbumVC.swift */ = {isa = PBXFileReference; fileEncoding = 4; lastKnownFileType = sourcecode.swift; path = PhotoAlbumVC.swift; sourceTree = "<group>"; };
		4EC1BEBB1C6FC9040040E3D3 /* Memorable Places.app */ = {isa = PBXFileReference; explicitFileType = wrapper.application; includeInIndex = 0; path = "Memorable Places.app"; sourceTree = BUILT_PRODUCTS_DIR; };
		4EC1BEBE1C6FC9040040E3D3 /* AppDelegate.swift */ = {isa = PBXFileReference; lastKnownFileType = sourcecode.swift; path = AppDelegate.swift; sourceTree = "<group>"; };
		4EC1BEC31C6FC9040040E3D3 /* Base */ = {isa = PBXFileReference; lastKnownFileType = file.storyboard; name = Base; path = Base.lproj/Main.storyboard; sourceTree = "<group>"; };
		4EC1BEC51C6FC9040040E3D3 /* Assets.xcassets */ = {isa = PBXFileReference; lastKnownFileType = folder.assetcatalog; path = Assets.xcassets; sourceTree = "<group>"; };
		4EC1BEC81C6FC9040040E3D3 /* Base */ = {isa = PBXFileReference; lastKnownFileType = file.storyboard; name = Base; path = Base.lproj/LaunchScreen.storyboard; sourceTree = "<group>"; };
		4EC1BECA1C6FC9040040E3D3 /* Info.plist */ = {isa = PBXFileReference; lastKnownFileType = text.plist.xml; path = Info.plist; sourceTree = "<group>"; };
		4EC1BED01C6FCD460040E3D3 /* TableViewController.swift */ = {isa = PBXFileReference; fileEncoding = 4; lastKnownFileType = sourcecode.swift; name = TableViewController.swift; path = ../TableViewController.swift; sourceTree = "<group>"; };
		4EC1BED21C6FD3560040E3D3 /* CoreLocation.framework */ = {isa = PBXFileReference; lastKnownFileType = wrapper.framework; name = CoreLocation.framework; path = System/Library/Frameworks/CoreLocation.framework; sourceTree = SDKROOT; };
/* End PBXFileReference section */

/* Begin PBXFrameworksBuildPhase section */
		4EC1BEB81C6FC9040040E3D3 /* Frameworks */ = {
			isa = PBXFrameworksBuildPhase;
			buildActionMask = 2147483647;
			files = (
				4EC1BED31C6FD3560040E3D3 /* CoreLocation.framework in Frameworks */,
			);
			runOnlyForDeploymentPostprocessing = 0;
		};
/* End PBXFrameworksBuildPhase section */

/* Begin PBXGroup section */
		4E4F0D1A1D340657003817D0 /* Controller */ = {
			isa = PBXGroup;
			children = (
				4E4F0D181D340646003817D0 /* MapVC.swift */,
				4EC1BED01C6FCD460040E3D3 /* TableViewController.swift */,
				4E4F0D1C1D3421AA003817D0 /* PhotoAlbumVC.swift */,
			);
			name = Controller;
			sourceTree = "<group>";
		};
		4E4F0D1B1D3409D3003817D0 /* Assets */ = {
			isa = PBXGroup;
			children = (
				4EC1BEC71C6FC9040040E3D3 /* LaunchScreen.storyboard */,
				4EC1BEC51C6FC9040040E3D3 /* Assets.xcassets */,
				4EC1BEC21C6FC9040040E3D3 /* Main.storyboard */,
			);
			name = Assets;
			sourceTree = "<group>";
		};
		4EC1BEB21C6FC9040040E3D3 = {
			isa = PBXGroup;
			children = (
				4EC1BED21C6FD3560040E3D3 /* CoreLocation.framework */,
				4EC1BEBD1C6FC9040040E3D3 /* Memorable Places */,
				4EC1BEBC1C6FC9040040E3D3 /* Products */,
			);
			sourceTree = "<group>";
		};
		4EC1BEBC1C6FC9040040E3D3 /* Products */ = {
			isa = PBXGroup;
			children = (
				4EC1BEBB1C6FC9040040E3D3 /* Memorable Places.app */,
			);
			name = Products;
			sourceTree = "<group>";
		};
		4EC1BEBD1C6FC9040040E3D3 /* Memorable Places */ = {
			isa = PBXGroup;
			children = (
				4EC1BEBE1C6FC9040040E3D3 /* AppDelegate.swift */,
				4E4F0D1B1D3409D3003817D0 /* Assets */,
				4E4F0D1A1D340657003817D0 /* Controller */,
				4EC1BECA1C6FC9040040E3D3 /* Info.plist */,
			);
			path = "Memorable Places";
			sourceTree = "<group>";
		};
/* End PBXGroup section */

/* Begin PBXNativeTarget section */
		4EC1BEBA1C6FC9040040E3D3 /* Memorable Places */ = {
			isa = PBXNativeTarget;
			buildConfigurationList = 4EC1BECD1C6FC9040040E3D3 /* Build configuration list for PBXNativeTarget "Memorable Places" */;
			buildPhases = (
				4EC1BEB71C6FC9040040E3D3 /* Sources */,
				4EC1BEB81C6FC9040040E3D3 /* Frameworks */,
				4EC1BEB91C6FC9040040E3D3 /* Resources */,
			);
			buildRules = (
			);
			dependencies = (
			);
			name = "Memorable Places";
			productName = "Memorable Places";
			productReference = 4EC1BEBB1C6FC9040040E3D3 /* Memorable Places.app */;
			productType = "com.apple.product-type.application";
		};
/* End PBXNativeTarget section */

/* Begin PBXProject section */
		4EC1BEB31C6FC9040040E3D3 /* Project object */ = {
			isa = PBXProject;
			attributes = {
				LastSwiftUpdateCheck = 0720;
				LastUpgradeCheck = 0720;
				ORGANIZATIONNAME = "Daniel J Janiak";
				TargetAttributes = {
					4EC1BEBA1C6FC9040040E3D3 = {
						CreatedOnToolsVersion = 7.2.1;
						DevelopmentTeam = C66PLD3WQ6;
					};
				};
			};
			buildConfigurationList = 4EC1BEB61C6FC9040040E3D3 /* Build configuration list for PBXProject "Memorable Places" */;
			compatibilityVersion = "Xcode 3.2";
			developmentRegion = English;
			hasScannedForEncodings = 0;
			knownRegions = (
				en,
				Base,
			);
			mainGroup = 4EC1BEB21C6FC9040040E3D3;
			productRefGroup = 4EC1BEBC1C6FC9040040E3D3 /* Products */;
			projectDirPath = "";
			projectRoot = "";
			targets = (
				4EC1BEBA1C6FC9040040E3D3 /* Memorable Places */,
			);
		};
/* End PBXProject section */

/* Begin PBXResourcesBuildPhase section */
		4EC1BEB91C6FC9040040E3D3 /* Resources */ = {
			isa = PBXResourcesBuildPhase;
			buildActionMask = 2147483647;
			files = (
				4EC1BEC91C6FC9040040E3D3 /* LaunchScreen.storyboard in Resources */,
				4EC1BEC61C6FC9040040E3D3 /* Assets.xcassets in Resources */,
				4EC1BEC41C6FC9040040E3D3 /* Main.storyboard in Resources */,
			);
			runOnlyForDeploymentPostprocessing = 0;
		};
/* End PBXResourcesBuildPhase section */

/* Begin PBXSourcesBuildPhase section */
		4EC1BEB71C6FC9040040E3D3 /* Sources */ = {
			isa = PBXSourcesBuildPhase;
			buildActionMask = 2147483647;
			files = (
				4E4F0D191D340646003817D0 /* MapVC.swift in Sources */,
				4E4F0D1D1D3421AA003817D0 /* PhotoAlbumVC.swift in Sources */,
				4EC1BED11C6FCD460040E3D3 /* TableViewController.swift in Sources */,
				4EC1BEBF1C6FC9040040E3D3 /* AppDelegate.swift in Sources */,
			);
			runOnlyForDeploymentPostprocessing = 0;
		};
/* End PBXSourcesBuildPhase section */

/* Begin PBXVariantGroup section */
		4EC1BEC21C6FC9040040E3D3 /* Main.storyboard */ = {
			isa = PBXVariantGroup;
			children = (
				4EC1BEC31C6FC9040040E3D3 /* Base */,
			);
			name = Main.storyboard;
			sourceTree = "<group>";
		};
		4EC1BEC71C6FC9040040E3D3 /* LaunchScreen.storyboard */ = {
			isa = PBXVariantGroup;
			children = (
				4EC1BEC81C6FC9040040E3D3 /* Base */,
			);
			name = LaunchScreen.storyboard;
			sourceTree = "<group>";
		};
/* End PBXVariantGroup section */

/* Begin XCBuildConfiguration section */
		4EC1BECB1C6FC9040040E3D3 /* Debug */ = {
			isa = XCBuildConfiguration;
			buildSettings = {
				ALWAYS_SEARCH_USER_PATHS = NO;
				CLANG_CXX_LANGUAGE_STANDARD = "gnu++0x";
				CLANG_CXX_LIBRARY = "libc++";
				CLANG_ENABLE_MODULES = YES;
				CLANG_ENABLE_OBJC_ARC = YES;
				CLANG_WARN_BOOL_CONVERSION = YES;
				CLANG_WARN_CONSTANT_CONVERSION = YES;
				CLANG_WARN_DIRECT_OBJC_ISA_USAGE = YES_ERROR;
				CLANG_WARN_EMPTY_BODY = YES;
				CLANG_WARN_ENUM_CONVERSION = YES;
				CLANG_WARN_INT_CONVERSION = YES;
				CLANG_WARN_OBJC_ROOT_CLASS = YES_ERROR;
				CLANG_WARN_UNREACHABLE_CODE = YES;
				CLANG_WARN__DUPLICATE_METHOD_MATCH = YES;
				"CODE_SIGN_IDENTITY[sdk=iphoneos*]" = "iPhone Developer";
				COPY_PHASE_STRIP = NO;
				DEBUG_INFORMATION_FORMAT = dwarf;
				ENABLE_STRICT_OBJC_MSGSEND = YES;
				ENABLE_TESTABILITY = YES;
				GCC_C_LANGUAGE_STANDARD = gnu99;
				GCC_DYNAMIC_NO_PIC = NO;
				GCC_NO_COMMON_BLOCKS = YES;
				GCC_OPTIMIZATION_LEVEL = 0;
				GCC_PREPROCESSOR_DEFINITIONS = (
					"DEBUG=1",
					"$(inherited)",
				);
				GCC_WARN_64_TO_32_BIT_CONVERSION = YES;
				GCC_WARN_ABOUT_RETURN_TYPE = YES_ERROR;
				GCC_WARN_UNDECLARED_SELECTOR = YES;
				GCC_WARN_UNINITIALIZED_AUTOS = YES_AGGRESSIVE;
				GCC_WARN_UNUSED_FUNCTION = YES;
				GCC_WARN_UNUSED_VARIABLE = YES;
				IPHONEOS_DEPLOYMENT_TARGET = 9.2;
				MTL_ENABLE_DEBUG_INFO = YES;
				ONLY_ACTIVE_ARCH = YES;
				SDKROOT = iphoneos;
				SWIFT_OPTIMIZATION_LEVEL = "-Onone";
			};
			name = Debug;
		};
		4EC1BECC1C6FC9040040E3D3 /* Release */ = {
			isa = XCBuildConfiguration;
			buildSettings = {
				ALWAYS_SEARCH_USER_PATHS = NO;
				CLANG_CXX_LANGUAGE_STANDARD = "gnu++0x";
				CLANG_CXX_LIBRARY = "libc++";
				CLANG_ENABLE_MODULES = YES;
				CLANG_ENABLE_OBJC_ARC = YES;
				CLANG_WARN_BOOL_CONVERSION = YES;
				CLANG_WARN_CONSTANT_CONVERSION = YES;
				CLANG_WARN_DIRECT_OBJC_ISA_USAGE = YES_ERROR;
				CLANG_WARN_EMPTY_BODY = YES;
				CLANG_WARN_ENUM_CONVERSION = YES;
				CLANG_WARN_INT_CONVERSION = YES;
				CLANG_WARN_OBJC_ROOT_CLASS = YES_ERROR;
				CLANG_WARN_UNREACHABLE_CODE = YES;
				CLANG_WARN__DUPLICATE_METHOD_MATCH = YES;
				"CODE_SIGN_IDENTITY[sdk=iphoneos*]" = "iPhone Developer";
				COPY_PHASE_STRIP = NO;
				DEBUG_INFORMATION_FORMAT = "dwarf-with-dsym";
				ENABLE_NS_ASSERTIONS = NO;
				ENABLE_STRICT_OBJC_MSGSEND = YES;
				GCC_C_LANGUAGE_STANDARD = gnu99;
				GCC_NO_COMMON_BLOCKS = YES;
				GCC_WARN_64_TO_32_BIT_CONVERSION = YES;
				GCC_WARN_ABOUT_RETURN_TYPE = YES_ERROR;
				GCC_WARN_UNDECLARED_SELECTOR = YES;
				GCC_WARN_UNINITIALIZED_AUTOS = YES_AGGRESSIVE;
				GCC_WARN_UNUSED_FUNCTION = YES;
				GCC_WARN_UNUSED_VARIABLE = YES;
				IPHONEOS_DEPLOYMENT_TARGET = 9.2;
				MTL_ENABLE_DEBUG_INFO = NO;
				SDKROOT = iphoneos;
				VALIDATE_PRODUCT = YES;
			};
			name = Release;
		};
		4EC1BECE1C6FC9040040E3D3 /* Debug */ = {
			isa = XCBuildConfiguration;
			buildSettings = {
				ASSETCATALOG_COMPILER_APPICON_NAME = AppIcon;
				INFOPLIST_FILE = "Memorable Places/Info.plist";
				LD_RUNPATH_SEARCH_PATHS = "$(inherited) @executable_path/Frameworks";
				PRODUCT_BUNDLE_IDENTIFIER = "None0213.Memorable-Places";
				PRODUCT_NAME = "$(TARGET_NAME)";
			};
			name = Debug;
		};
		4EC1BECF1C6FC9040040E3D3 /* Release */ = {
			isa = XCBuildConfiguration;
			buildSettings = {
				ASSETCATALOG_COMPILER_APPICON_NAME = AppIcon;
				INFOPLIST_FILE = "Memorable Places/Info.plist";
				LD_RUNPATH_SEARCH_PATHS = "$(inherited) @executable_path/Frameworks";
				PRODUCT_BUNDLE_IDENTIFIER = "None0213.Memorable-Places";
				PRODUCT_NAME = "$(TARGET_NAME)";
			};
			name = Release;
		};
/* End XCBuildConfiguration section */

/* Begin XCConfigurationList section */
		4EC1BEB61C6FC9040040E3D3 /* Build configuration list for PBXProject "Memorable Places" */ = {
			isa = XCConfigurationList;
			buildConfigurations = (
				4EC1BECB1C6FC9040040E3D3 /* Debug */,
				4EC1BECC1C6FC9040040E3D3 /* Release */,
			);
			defaultConfigurationIsVisible = 0;
			defaultConfigurationName = Release;
		};
		4EC1BECD1C6FC9040040E3D3 /* Build configuration list for PBXNativeTarget "Memorable Places" */ = {
			isa = XCConfigurationList;
			buildConfigurations = (
				4EC1BECE1C6FC9040040E3D3 /* Debug */,
				4EC1BECF1C6FC9040040E3D3 /* Release */,
			);
			defaultConfigurationIsVisible = 0;
			defaultConfigurationName = Release;
		};
/* End XCConfigurationList section */
	};
	rootObject = 4EC1BEB31C6FC9040040E3D3 /* Project object */;
}
